
Microsoft Visual Studio Solution File, Format Version 12.00
# Visual Studio 15
VisualStudioVersion = 15.0.28307.645
MinimumVisualStudioVersion = 10.0.40219.1
Project("{FAE04EC0-301F-11D3-BF4B-00C04F79EFBC}") = "lab35", "lab35\lab35.csproj", "{F4BBBF6C-433C-4118-9E59-197BDA65AA3F}"
EndProject
Global
	GlobalSection(SolutionConfigurationPlatforms) = preSolution
		Debug|Any CPU = Debug|Any CPU
		Release|Any CPU = Release|Any CPU
	EndGlobalSection
	GlobalSection(ProjectConfigurationPlatforms) = postSolution
		{F4BBBF6C-433C-4118-9E59-197BDA65AA3F}.Debug|Any CPU.ActiveCfg = Debug|Any CPU
		{F4BBBF6C-433C-4118-9E59-197BDA65AA3F}.Debug|Any CPU.Build.0 = Debug|Any CPU
		{F4BBBF6C-433C-4118-9E59-197BDA65AA3F}.Release|Any CPU.ActiveCfg = Release|Any CPU
		{F4BBBF6C-433C-4118-9E59-197BDA65AA3F}.Release|Any CPU.Build.0 = Release|Any CPU
	EndGlobalSection
	GlobalSection(SolutionProperties) = preSolution
		HideSolutionNode = FALSE
	EndGlobalSection
	GlobalSection(ExtensibilityGlobals) = postSolution
		SolutionGuid = {881221B5-4AB0-4165-9E90-CA63066F7CCA}
	EndGlobalSection
EndGlobal
