
Microsoft Visual Studio Solution File, Format Version 12.00
# Visual Studio 15
VisualStudioVersion = 15.0.28307.329
MinimumVisualStudioVersion = 10.0.40219.1
Project("{FAE04EC0-301F-11D3-BF4B-00C04F79EFBC}") = "Laba30", "Laba30\Laba30.csproj", "{9C3E6C81-3F43-4FC6-AEAA-B9DAD73BBB8D}"
EndProject
Global
	GlobalSection(SolutionConfigurationPlatforms) = preSolution
		Debug|Any CPU = Debug|Any CPU
		Release|Any CPU = Release|Any CPU
	EndGlobalSection
	GlobalSection(ProjectConfigurationPlatforms) = postSolution
		{9C3E6C81-3F43-4FC6-AEAA-B9DAD73BBB8D}.Debug|Any CPU.ActiveCfg = Debug|Any CPU
		{9C3E6C81-3F43-4FC6-AEAA-B9DAD73BBB8D}.Debug|Any CPU.Build.0 = Debug|Any CPU
		{9C3E6C81-3F43-4FC6-AEAA-B9DAD73BBB8D}.Release|Any CPU.ActiveCfg = Release|Any CPU
		{9C3E6C81-3F43-4FC6-AEAA-B9DAD73BBB8D}.Release|Any CPU.Build.0 = Release|Any CPU
	EndGlobalSection
	GlobalSection(SolutionProperties) = preSolution
		HideSolutionNode = FALSE
	EndGlobalSection
	GlobalSection(ExtensibilityGlobals) = postSolution
		SolutionGuid = {5AE7B179-A0C2-4F05-8499-ED72636E290E}
	EndGlobalSection
EndGlobal
