
Microsoft Visual Studio Solution File, Format Version 12.00
# Visual Studio 15
VisualStudioVersion = 15.0.28307.329
MinimumVisualStudioVersion = 10.0.40219.1
Project("{FAE04EC0-301F-11D3-BF4B-00C04F79EFBC}") = "WebApplication1", "WebApplication1\WebApplication1.csproj", "{B0550E2A-AE3B-4A74-BF20-4D301D61BA97}"
EndProject
Global
	GlobalSection(SolutionConfigurationPlatforms) = preSolution
		Debug|Any CPU = Debug|Any CPU
		Release|Any CPU = Release|Any CPU
	EndGlobalSection
	GlobalSection(ProjectConfigurationPlatforms) = postSolution
		{B0550E2A-AE3B-4A74-BF20-4D301D61BA97}.Debug|Any CPU.ActiveCfg = Debug|Any CPU
		{B0550E2A-AE3B-4A74-BF20-4D301D61BA97}.Debug|Any CPU.Build.0 = Debug|Any CPU
		{B0550E2A-AE3B-4A74-BF20-4D301D61BA97}.Release|Any CPU.ActiveCfg = Release|Any CPU
		{B0550E2A-AE3B-4A74-BF20-4D301D61BA97}.Release|Any CPU.Build.0 = Release|Any CPU
	EndGlobalSection
	GlobalSection(SolutionProperties) = preSolution
		HideSolutionNode = FALSE
	EndGlobalSection
	GlobalSection(ExtensibilityGlobals) = postSolution
		SolutionGuid = {E5FD42EB-3752-4315-AD67-0D97BFBD3376}
	EndGlobalSection
EndGlobal
